<?xml version="1.0" encoding="utf-8"?>
<Project ToolsVersion="4.0" xmlns="http://schemas.microsoft.com/developer/msbuild/2003">
  <ItemGroup>
    <Filter Include="Source Files">
      <UniqueIdentifier>{ddcf082e-3c21-4b73-b89e-4d0af6520e06}</UniqueIdentifier>
    </Filter>
    <Filter Include="Header Files">
      <UniqueIdentifier>{fc2a3263-137e-4674-ba50-cbe4609cffeb}</UniqueIdentifier>
    </Filter>
    <Filter Include="Resources">
      <UniqueIdentifier>{febf0d48-ea68-42bd-86ce-cce08878104a}</UniqueIdentifier>
    </Filter>
  </ItemGroup>
  <ItemGroup>
    <ClInclude Include="..\src\HelloIceApp.h">
      <Filter>Header Files</Filter>
    </ClInclude>
    <ClInclude Include="..\src\DDSCommunicator.h">
      <Filter>Header Files</Filter>
    </ClInclude>
    <ClInclude Include="..\src\HelloIceData.h">
      <Filter>Header Files</Filter>
    </ClInclude>
    <ClInclude Include="..\src\kbhit_util.h">
      <Filter>Header Files</Filter>
    </ClInclude>
    <ClInclude Include="..\src\DDSTypeWrapper.h">
      <Filter>Header Files</Filter>
    </ClInclude>
    <ClInclude Include="..\src_dds\common.h">
      <Filter>Header Files</Filter>
    </ClInclude>
    <ClInclude Include="..\src_dds\commonPlugin.h">
      <Filter>Header Files</Filter>
    </ClInclude>
    <ClInclude Include="..\src_dds\commonSupport.h">
      <Filter>Header Files</Filter>
    </ClInclude>
    <ClInclude Include="..\src\NumericReaderInterface.h">
      <Filter>Header Files</Filter>
    </ClInclude>
    <ClInclude Include="..\src\NumericWriterInterface.h">
      <Filter>Header Files</Filter>
    </ClInclude>
    <ClInclude Include="..\src_dds\numeric.h">
      <Filter>Header Files</Filter>
    </ClInclude>
    <ClInclude Include="..\src_dds\numericPlugin.h">
      <Filter>Header Files</Filter>
    </ClInclude>
    <ClInclude Include="..\src_dds\numericSupport.h">
      <Filter>Header Files</Filter>
    </ClInclude>
    <ClInclude Include="..\src_dds\mds.h">
      <Filter>Header Files</Filter>
    </ClInclude>
    <ClInclude Include="..\src_dds\mdsPlugin.h">
      <Filter>Header Files</Filter>
    </ClInclude>
    <ClInclude Include="..\src_dds\mdsSupport.h">
      <Filter>Header Files</Filter>
    </ClInclude>
    <ClInclude Include="..\src_dds\metric.h">
      <Filter>Header Files</Filter>
    </ClInclude>
    <ClInclude Include="..\src_dds\metricPlugin.h">
      <Filter>Header Files</Filter>
    </ClInclude>
    <ClInclude Include="..\src_dds\metricSupport.h">
      <Filter>Header Files</Filter>
    </ClInclude>
    <ClInclude Include="..\src\MDSReaderInterface.h">
      <Filter>Header Files</Filter>
    </ClInclude>
    <ClInclude Include="..\src\MDSWriterInterface.h">
      <Filter>Header Files</Filter>
    </ClInclude>
  </ItemGroup>
  <ItemGroup>
    <ClCompile Include="..\src\HelloIceApp.cxx">
      <Filter>Source Files</Filter>
    </ClCompile>
    <ClCompile Include="..\src\ice_hello_world.cxx">
      <Filter>Source Files</Filter>
    </ClCompile>
    <ClCompile Include="..\src\DDSCommunicator.cxx">
      <Filter>Source Files</Filter>
    </ClCompile>
    <ClCompile Include="..\src\HelloIceData.cxx">
      <Filter>Source Files</Filter>
    </ClCompile>
    <ClCompile Include="..\src_dds\common.cxx">
      <Filter>Source Files</Filter>
    </ClCompile>
    <ClCompile Include="..\src_dds\commonPlugin.cxx">
      <Filter>Source Files</Filter>
    </ClCompile>
    <ClCompile Include="..\src_dds\commonSupport.cxx">
      <Filter>Source Files</Filter>
    </ClCompile>
    <ClCompile Include="..\src\NumericReaderInterface.cxx">
      <Filter>Source Files</Filter>
    </ClCompile>
    <ClCompile Include="..\src\NumericWriterInterface.cxx">
      <Filter>Source Files</Filter>
    </ClCompile>
    <ClCompile Include="..\src_dds\numeric.cxx">
      <Filter>Source Files</Filter>
    </ClCompile>
    <ClCompile Include="..\src_dds\numericPlugin.cxx">
      <Filter>Source Files</Filter>
    </ClCompile>
    <ClCompile Include="..\src_dds\numericSupport.cxx">
      <Filter>Source Files</Filter>
    </ClCompile>
    <ClCompile Include="..\src_dds\mds.cxx">
      <Filter>Source Files</Filter>
    </ClCompile>
    <ClCompile Include="..\src_dds\mdsPlugin.cxx">
      <Filter>Source Files</Filter>
    </ClCompile>
    <ClCompile Include="..\src_dds\mdsSupport.cxx">
      <Filter>Source Files</Filter>
    </ClCompile>
    <ClCompile Include="..\src_dds\metric.cxx">
      <Filter>Source Files</Filter>
    </ClCompile>
    <ClCompile Include="..\src_dds\metricPlugin.cxx">
      <Filter>Source Files</Filter>
    </ClCompile>
    <ClCompile Include="..\src_dds\metricSupport.cxx">
      <Filter>Source Files</Filter>
    </ClCompile>
    <ClCompile Include="..\src\MDSReaderInterface.cxx">
      <Filter>Source Files</Filter>
    </ClCompile>
    <ClCompile Include="..\src\MDSWriterInterface.cxx">
      <Filter>Source Files</Filter>
    </ClCompile>
  </ItemGroup>
  <ItemGroup>
    <Midl Include="..\idl\common.idl">
      <Filter>Resources</Filter>
    </Midl>
    <Midl Include="..\idl\mds.idl">
      <Filter>Resources</Filter>
    </Midl>
    <Midl Include="..\idl\metric.idl">
      <Filter>Resources</Filter>
    </Midl>
    <Midl Include="..\idl\numeric.idl">
      <Filter>Resources</Filter>
    </Midl>
  </ItemGroup>
  <ItemGroup>
    <None Include="..\run_pub.bat">
      <Filter>Resources</Filter>
    </None>
    <None Include="..\run_sub.bat">
      <Filter>Resources</Filter>
    </None>
    <None Include="..\idl\_dim_idlgen.bat">
      <Filter>Resources</Filter>
    </None>
    <None Include="..\idl\_idlgen.bat">
      <Filter>Resources</Filter>
    </None>
    <None Include="..\idl\_set_vcvars64.bat">
      <Filter>Resources</Filter>
    </None>
  </ItemGroup>
  <ItemGroup>
    <Text Include="..\README.txt">
      <Filter>Resources</Filter>
    </Text>
    <Text Include="..\idl\_rtiddsgen_help.txt">
      <Filter>Resources</Filter>
    </Text>
  </ItemGroup>
  <ItemGroup>
    <Xml Include="..\USER_QOS_PROFILES.xml">
      <Filter>Resources</Filter>
    </Xml>
  </ItemGroup>
</Project>